{
  "name": "calo_track2",
  "lockfileVersion": 3,
  "requires": true,
  "packages": {
    "": {
      "dependencies": {
        "@nestjs/common": "^3.0.2"
      }
    },
    "node_modules/@nestjs/common": {
      "version": "3.0.2",
      "resolved": "https://registry.npmjs.org/@nestjs/common/-/common-3.0.2.tgz",
      "integrity": "sha512-zizxtco4GWol9WNunQ1ia4PuMRdiPpeJv8HDFZ5L0I0IW+u3MYeFvwbVntBxekJAX1nuXEHGRfVJzOuZyt1jMA==",
      "dependencies": {
        "cli-color": "1.1.0"
      },
      "peerDependencies": {
        "reflect-metadata": "0.1.10"
      }
    },
    "node_modules/ansi-regex": {
      "version": "2.1.1",
      "resolved": "https://registry.npmjs.org/ansi-regex/-/ansi-regex-2.1.1.tgz",
      "integrity": "sha512-TIGnTpdo+E3+pCyAluZvtED5p5wCqLdezCyhPZzKPcxvFplEt4i+W7OONCKgeZFT3+y5NZZfOOS/Bdcanm1MYA==",
      "engines": {
        "node": ">=0.10.0"
      }
    },
    "node_modules/cli-color": {
      "version": "1.1.0",
      "resolved": "https://registry.npmjs.org/cli-color/-/cli-color-1.1.0.tgz",
      "integrity": "sha512-SzsTUTopL62kJOMbLqBUkaLVbkyw0qKB3uMRFxgy9LrEQ5tdFO9dT8oUhqszpJB9FMpVTIQnZMjb6zn0abilvQ==",
      "dependencies": {
        "ansi-regex": "2",
        "d": "^0.1.1",
        "es5-ext": "^0.10.8",
        "es6-iterator": "2",
        "memoizee": "^0.3.9",
        "timers-ext": "0.1"
      }
    },
    "node_modules/d": {
      "version": "0.1.1",
      "resolved": "https://registry.npmjs.org/d/-/d-0.1.1.tgz",
      "integrity": "sha512-0SdM9V9pd/OXJHoWmTfNPTAeD+lw6ZqHg+isPyBFuJsZLSE0Ygg1cYZ/0l6DrKQXMOqGOu1oWupMoOfoRfMZrQ==",
      "dependencies": {
        "es5-ext": "~0.10.2"
      }
    },
    "node_modules/es5-ext": {
      "version": "0.10.64",
      "resolved": "https://registry.npmjs.org/es5-ext/-/es5-ext-0.10.64.tgz",
      "integrity": "sha512-p2snDhiLaXe6dahss1LddxqEm+SkuDvV8dnIQG0MWjyHpcMNfXKPE+/Cc0y+PhxJX3A4xGNeFCj5oc0BUh6deg==",
      "hasInstallScript": true,
      "dependencies": {
        "es6-iterator": "^2.0.3",
        "es6-symbol": "^3.1.3",
        "esniff": "^2.0.1",
        "next-tick": "^1.1.0"
      },
      "engines": {
        "node": ">=0.10"
      }
    },
    "node_modules/es6-iterator": {
      "version": "2.0.3",
      "resolved": "https://registry.npmjs.org/es6-iterator/-/es6-iterator-2.0.3.tgz",
      "integrity": "sha512-zw4SRzoUkd+cl+ZoE15A9o1oQd920Bb0iOJMQkQhl3jNc03YqVjAhG7scf9C5KWRU/R13Orf588uCC6525o02g==",
      "dependencies": {
        "d": "1",
        "es5-ext": "^0.10.35",
        "es6-symbol": "^3.1.1"
      }
    },
    "node_modules/es6-iterator/node_modules/d": {
      "version": "1.0.2",
      "resolved": "https://registry.npmjs.org/d/-/d-1.0.2.tgz",
      "integrity": "sha512-MOqHvMWF9/9MX6nza0KgvFH4HpMU0EF5uUDXqX/BtxtU8NfB0QzRtJ8Oe/6SuS4kbhyzVJwjd97EA4PKrzJ8bw==",
      "dependencies": {
        "es5-ext": "^0.10.64",
        "type": "^2.7.2"
      },
      "engines": {
        "node": ">=0.12"
      }
    },
    "node_modules/es6-symbol": {
      "version": "3.1.4",
      "resolved": "https://registry.npmjs.org/es6-symbol/-/es6-symbol-3.1.4.tgz",
      "integrity": "sha512-U9bFFjX8tFiATgtkJ1zg25+KviIXpgRvRHS8sau3GfhVzThRQrOeksPeT0BWW2MNZs1OEWJ1DPXOQMn0KKRkvg==",
      "dependencies": {
        "d": "^1.0.2",
        "ext": "^1.7.0"
      },
      "engines": {
        "node": ">=0.12"
      }
    },
    "node_modules/es6-symbol/node_modules/d": {
      "version": "1.0.2",
      "resolved": "https://registry.npmjs.org/d/-/d-1.0.2.tgz",
      "integrity": "sha512-MOqHvMWF9/9MX6nza0KgvFH4HpMU0EF5uUDXqX/BtxtU8NfB0QzRtJ8Oe/6SuS4kbhyzVJwjd97EA4PKrzJ8bw==",
      "dependencies": {
        "es5-ext": "^0.10.64",
        "type": "^2.7.2"
      },
      "engines": {
        "node": ">=0.12"
      }
    },
    "node_modules/es6-weak-map": {
      "version": "0.1.4",
      "resolved": "https://registry.npmjs.org/es6-weak-map/-/es6-weak-map-0.1.4.tgz",
      "integrity": "sha512-P+N5Cd2TXeb7G59euFiM7snORspgbInS29Nbf3KNO2JQp/DyhvMCDWd58nsVAXwYJ6W3Bx7qDdy6QQ3PCJ7jKQ==",
      "dependencies": {
        "d": "~0.1.1",
        "es5-ext": "~0.10.6",
        "es6-iterator": "~0.1.3",
        "es6-symbol": "~2.0.1"
      }
    },
    "node_modules/es6-weak-map/node_modules/es6-iterator": {
      "version": "0.1.3",
      "resolved": "https://registry.npmjs.org/es6-iterator/-/es6-iterator-0.1.3.tgz",
      "integrity": "sha512-6TOmbFM6OPWkTe+bQ3ZuUkvqcWUjAnYjKUCLdbvRsAUz2Pr+fYIibwNXNkLNtIK9PPFbNMZZddaRNkyJhlGJhA==",
      "dependencies": {
        "d": "~0.1.1",
        "es5-ext": "~0.10.5",
        "es6-symbol": "~2.0.1"
      }
    },
    "node_modules/es6-weak-map/node_modules/es6-symbol": {
      "version": "2.0.1",
      "resolved": "https://registry.npmjs.org/es6-symbol/-/es6-symbol-2.0.1.tgz",
      "integrity": "sha512-wjobO4zO8726HVU7mI2OA/B6QszqwHJuKab7gKHVx+uRfVVYGcWJkCIFxV2Madqb9/RUSrhJ/r6hPfG7FsWtow==",
      "dependencies": {
        "d": "~0.1.1",
        "es5-ext": "~0.10.5"
      }
    },
    "node_modules/esniff": {
      "version": "2.0.1",
      "resolved": "https://registry.npmjs.org/esniff/-/esniff-2.0.1.tgz",
      "integrity": "sha512-kTUIGKQ/mDPFoJ0oVfcmyJn4iBDRptjNVIzwIFR7tqWXdVI9xfA2RMwY/gbSpJG3lkdWNEjLap/NqVHZiJsdfg==",
      "dependencies": {
        "d": "^1.0.1",
        "es5-ext": "^0.10.62",
        "event-emitter": "^0.3.5",
        "type": "^2.7.2"
      },
      "engines": {
        "node": ">=0.10"
      }
    },
    "node_modules/esniff/node_modules/d": {
      "version": "1.0.2",
      "resolved": "https://registry.npmjs.org/d/-/d-1.0.2.tgz",
      "integrity": "sha512-MOqHvMWF9/9MX6nza0KgvFH4HpMU0EF5uUDXqX/BtxtU8NfB0QzRtJ8Oe/6SuS4kbhyzVJwjd97EA4PKrzJ8bw==",
      "dependencies": {
        "es5-ext": "^0.10.64",
        "type": "^2.7.2"
      },
      "engines": {
        "node": ">=0.12"
      }
    },
    "node_modules/event-emitter": {
      "version": "0.3.5",
      "resolved": "https://registry.npmjs.org/event-emitter/-/event-emitter-0.3.5.tgz",
      "integrity": "sha512-D9rRn9y7kLPnJ+hMq7S/nhvoKwwvVJahBi2BPmx3bvbsEdK3W9ii8cBSGjP+72/LnM4n6fo3+dkCX5FeTQruXA==",
      "dependencies": {
        "d": "1",
        "es5-ext": "~0.10.14"
      }
    },
    "node_modules/event-emitter/node_modules/d": {
      "version": "1.0.2",
      "resolved": "https://registry.npmjs.org/d/-/d-1.0.2.tgz",
      "integrity": "sha512-MOqHvMWF9/9MX6nza0KgvFH4HpMU0EF5uUDXqX/BtxtU8NfB0QzRtJ8Oe/6SuS4kbhyzVJwjd97EA4PKrzJ8bw==",
      "dependencies": {
        "es5-ext": "^0.10.64",
        "type": "^2.7.2"
      },
      "engines": {
        "node": ">=0.12"
      }
    },
    "node_modules/ext": {
      "version": "1.7.0",
      "resolved": "https://registry.npmjs.org/ext/-/ext-1.7.0.tgz",
      "integrity": "sha512-6hxeJYaL110a9b5TEJSj0gojyHQAmA2ch5Os+ySCiA1QGdS697XWY1pzsrSjqA9LDEEgdB/KypIlR59RcLuHYw==",
      "dependencies": {
        "type": "^2.7.2"
      }
    },
    "node_modules/lru-queue": {
      "version": "0.1.0",
      "resolved": "https://registry.npmjs.org/lru-queue/-/lru-queue-0.1.0.tgz",
      "integrity": "sha512-BpdYkt9EvGl8OfWHDQPISVpcl5xZthb+XPsbELj5AQXxIC8IriDZIQYjBJPEm5rS420sjZ0TLEzRcq5KdBhYrQ==",
      "dependencies": {
        "es5-ext": "~0.10.2"
      }
    },
    "node_modules/memoizee": {
      "version": "0.3.10",
      "resolved": "https://registry.npmjs.org/memoizee/-/memoizee-0.3.10.tgz",
      "integrity": "sha512-LLzVUuWwGBKK188spgOK/ukrp5zvd9JGsiLDH41pH9vt5jvhZfsu5pxDuAnYAMG8YEGce72KO07sSBy9KkvOfw==",
      "dependencies": {
        "d": "~0.1.1",
        "es5-ext": "~0.10.11",
        "es6-weak-map": "~0.1.4",
        "event-emitter": "~0.3.4",
        "lru-queue": "0.1",
        "next-tick": "~0.2.2",
        "timers-ext": "0.1"
      }
    },
    "node_modules/memoizee/node_modules/next-tick": {
      "version": "0.2.2",
      "resolved": "https://registry.npmjs.org/next-tick/-/next-tick-0.2.2.tgz",
      "integrity": "sha512-f7h4svPtl+QidoBv4taKXUjJ70G2asaZ8G28nS0OkqaalX8dwwrtWtyxEDPK62AC00ur/+/E0pUwBwY5EPn15Q=="
    },
    "node_modules/next-tick": {
      "version": "1.1.0",
      "resolved": "https://registry.npmjs.org/next-tick/-/next-tick-1.1.0.tgz",
      "integrity": "sha512-CXdUiJembsNjuToQvxayPZF9Vqht7hewsvy2sOWafLvi2awflj9mOC6bHIg50orX8IJvWKY9wYQ/zB2kogPslQ=="
    },
    "node_modules/reflect-metadata": {
      "version": "0.1.10",
      "resolved": "https://registry.npmjs.org/reflect-metadata/-/reflect-metadata-0.1.10.tgz",
      "integrity": "sha512-oYJQNaTL+aECnOmLtlsD+eyeNXfXm8VSg1MOENAUnYsRKNCkk4uq5zohyZsUwG2CDHa4dZ/qExt5Xzw+9pGpww==",
      "peer": true
    },
    "node_modules/timers-ext": {
      "version": "0.1.7",
      "resolved": "https://registry.npmjs.org/timers-ext/-/timers-ext-0.1.7.tgz",
      "integrity": "sha512-b85NUNzTSdodShTIbky6ZF02e8STtVVfD+fu4aXXShEELpozH+bCpJLYMPZbsABN2wDH7fJpqIoXxJpzbf0NqQ==",
      "dependencies": {
        "es5-ext": "~0.10.46",
        "next-tick": "1"
      }
    },
    "node_modules/type": {
      "version": "2.7.3",
      "resolved": "https://registry.npmjs.org/type/-/type-2.7.3.tgz",
      "integrity": "sha512-8j+1QmAbPvLZow5Qpi6NCaN8FB60p/6x8/vfNqOk/hC+HuvFZhL4+WfekuhQLiqFZXOgQdrs3B+XxEmCc6b3FQ=="
    }
  }
}
